
Microsoft Visual Studio Solution File, Format Version 12.00
# Visual Studio Version 16
VisualStudioVersion = 16.0.30804.86
MinimumVisualStudioVersion = 10.0.40219.1
Project("{888888A0-9F3D-457C-B088-3A5042F75D52}") = "Data_Prepocessing", "Data_Prepocessing\Data_Prepocessing.pyproj", "{C791C95A-11D1-4FA8-8125-5D760481BEDB}"
EndProject
Global
	GlobalSection(SolutionConfigurationPlatforms) = preSolution
		Debug|Any CPU = Debug|Any CPU
		Release|Any CPU = Release|Any CPU
	EndGlobalSection
	GlobalSection(ProjectConfigurationPlatforms) = postSolution
		{C791C95A-11D1-4FA8-8125-5D760481BEDB}.Debug|Any CPU.ActiveCfg = Debug|Any CPU
		{C791C95A-11D1-4FA8-8125-5D760481BEDB}.Release|Any CPU.ActiveCfg = Release|Any CPU
	EndGlobalSection
	GlobalSection(SolutionProperties) = preSolution
		HideSolutionNode = FALSE
	EndGlobalSection
	GlobalSection(ExtensibilityGlobals) = postSolution
		SolutionGuid = {25E72444-5A6D-4478-B2BB-72AF03E32B44}
	EndGlobalSection
EndGlobal
